
Microsoft Visual Studio Solution File, Format Version 12.00
# Visual Studio Version 16
VisualStudioVersion = 16.0.30804.86
MinimumVisualStudioVersion = 10.0.40219.1
Project("{FAE04EC0-301F-11D3-BF4B-00C04F79EFBC}") = "FnF Character Reverser", "FnF Character Reverser\FnF Character Reverser.csproj", "{3A8C5B94-913C-49F8-A22B-8F65C321A44B}"
EndProject
Global
	GlobalSection(SolutionConfigurationPlatforms) = preSolution
		Debug|Any CPU = Debug|Any CPU
		Release|Any CPU = Release|Any CPU
	EndGlobalSection
	GlobalSection(ProjectConfigurationPlatforms) = postSolution
		{3A8C5B94-913C-49F8-A22B-8F65C321A44B}.Debug|Any CPU.ActiveCfg = Release|Any CPU
		{3A8C5B94-913C-49F8-A22B-8F65C321A44B}.Debug|Any CPU.Build.0 = Release|Any CPU
		{3A8C5B94-913C-49F8-A22B-8F65C321A44B}.Release|Any CPU.ActiveCfg = Release|Any CPU
		{3A8C5B94-913C-49F8-A22B-8F65C321A44B}.Release|Any CPU.Build.0 = Release|Any CPU
	EndGlobalSection
	GlobalSection(SolutionProperties) = preSolution
		HideSolutionNode = FALSE
	EndGlobalSection
	GlobalSection(ExtensibilityGlobals) = postSolution
		SolutionGuid = {80262869-DD90-4EC0-988F-B09ED6F31951}
	EndGlobalSection
EndGlobal
